
Microsoft Visual Studio Solution File, Format Version 12.00
# Visual Studio Version 16
VisualStudioVersion = 16.0.29926.136
MinimumVisualStudioVersion = 10.0.40219.1
Project("{9A19103F-16F7-4668-BE54-9A1E7A4F7556}") = "Task1", "Task1.csproj", "{6BBCC18E-A525-457A-A218-C39487246DAB}"
EndProject
Project("{9A19103F-16F7-4668-BE54-9A1E7A4F7556}") = "Task2", "..\Task_2\Task2.csproj", "{C6C1544B-6FD5-493B-A662-D7069CBECB7D}"
EndProject
Project("{FAE04EC0-301F-11D3-BF4B-00C04F79EFBC}") = "Task3", "..\Task3\Task3.csproj", "{BD506AED-F97D-4965-A1A5-4F851DABB28A}"
EndProject
Project("{FAE04EC0-301F-11D3-BF4B-00C04F79EFBC}") = "Task4", "..\Task4\Task4.csproj", "{DDBC8F45-3997-4CDD-927F-3374F95662CE}"
EndProject
Global
	GlobalSection(SolutionConfigurationPlatforms) = preSolution
		Debug|Any CPU = Debug|Any CPU
		Release|Any CPU = Release|Any CPU
	EndGlobalSection
	GlobalSection(ProjectConfigurationPlatforms) = postSolution
		{6BBCC18E-A525-457A-A218-C39487246DAB}.Debug|Any CPU.ActiveCfg = Debug|Any CPU
		{6BBCC18E-A525-457A-A218-C39487246DAB}.Debug|Any CPU.Build.0 = Debug|Any CPU
		{6BBCC18E-A525-457A-A218-C39487246DAB}.Release|Any CPU.ActiveCfg = Release|Any CPU
		{6BBCC18E-A525-457A-A218-C39487246DAB}.Release|Any CPU.Build.0 = Release|Any CPU
		{C6C1544B-6FD5-493B-A662-D7069CBECB7D}.Debug|Any CPU.ActiveCfg = Debug|Any CPU
		{C6C1544B-6FD5-493B-A662-D7069CBECB7D}.Debug|Any CPU.Build.0 = Debug|Any CPU
		{C6C1544B-6FD5-493B-A662-D7069CBECB7D}.Release|Any CPU.ActiveCfg = Release|Any CPU
		{C6C1544B-6FD5-493B-A662-D7069CBECB7D}.Release|Any CPU.Build.0 = Release|Any CPU
		{BD506AED-F97D-4965-A1A5-4F851DABB28A}.Debug|Any CPU.ActiveCfg = Debug|Any CPU
		{BD506AED-F97D-4965-A1A5-4F851DABB28A}.Debug|Any CPU.Build.0 = Debug|Any CPU
		{BD506AED-F97D-4965-A1A5-4F851DABB28A}.Release|Any CPU.ActiveCfg = Release|Any CPU
		{BD506AED-F97D-4965-A1A5-4F851DABB28A}.Release|Any CPU.Build.0 = Release|Any CPU
		{DDBC8F45-3997-4CDD-927F-3374F95662CE}.Debug|Any CPU.ActiveCfg = Debug|Any CPU
		{DDBC8F45-3997-4CDD-927F-3374F95662CE}.Debug|Any CPU.Build.0 = Debug|Any CPU
		{DDBC8F45-3997-4CDD-927F-3374F95662CE}.Release|Any CPU.ActiveCfg = Release|Any CPU
		{DDBC8F45-3997-4CDD-927F-3374F95662CE}.Release|Any CPU.Build.0 = Release|Any CPU
	EndGlobalSection
	GlobalSection(SolutionProperties) = preSolution
		HideSolutionNode = FALSE
	EndGlobalSection
	GlobalSection(ExtensibilityGlobals) = postSolution
		SolutionGuid = {5CC81924-B816-4AB2-B6C3-D7B3DF0DE1EB}
	EndGlobalSection
EndGlobal
